# This file is automatically @generated by Cargo.
# It is not intended for manual editing.
version = 3

[[package]]
name = "bytemuck"
version = "1.14.1"
source = "registry+https://github.com/rust-lang/crates.io-index"
checksum = "ed2490600f404f2b94c167e31d3ed1d5f3c225a0f3b80230053b3e0b7b962bd9"

[[package]]
name = "implied-vol"
version = "0.2.1"
source = "registry+https://github.com/rust-lang/crates.io-index"
checksum = "5c9a541ad9b8a7b5970f0d44ad8c6deae5a45594fb26d8a5a16be81fbbf6807a"

[[package]]
name = "safe_arch"
version = "0.7.1"
source = "registry+https://github.com/rust-lang/crates.io-index"
checksum = "f398075ce1e6a179b46f51bd88d0598b92b00d3551f1a2d4ac49e771b56ac354"
dependencies = [
 "bytemuck",
]

[[package]]
name = "simd-vol"
version = "0.1.0"
dependencies = [
 "bytemuck",
 "implied-vol",
 "wide",
]

[[package]]
name = "wide"
version = "0.7.14"
source = "registry+https://github.com/rust-lang/crates.io-index"
checksum = "b31891d644eba1789fb6715f27fbc322e4bdf2ecdc412ede1993246159271613"
dependencies = [
 "bytemuck",
 "safe_arch",
]
